
Microsoft Visual Studio Solution File, Format Version 12.00
# Visual Studio Version 17
VisualStudioVersion = 17.14.37628.2
MinimumVisualStudioVersion = 10.0.40219.1
Project("{FAE04EC0-301F-11D3-BF4B-00C04F79EFBC}") = "MovieService", "MovieService\MovieService.csproj", "{B8D11C58-652D-4BB5-93BE-0FE8E520B336}"
EndProject
Project("{FAE04EC0-301F-11D3-BF4B-00C04F79EFBC}") = "MovieService.Tests", "MovieService.Tests\MovieService.Tests.csproj", "{3E053C0B-38D5-4E36-9C63-17E2F713D010}"
EndProject
Global
	GlobalSection(SolutionConfigurationPlatforms) = preSolution
		Debug|Any CPU = Debug|Any CPU
		Debug|x64 = Debug|x64
		Debug|x86 = Debug|x86
		Release|Any CPU = Release|Any CPU
		Release|x64 = Release|x64
		Release|x86 = Release|x86
	EndGlobalSection
	GlobalSection(ProjectConfigurationPlatforms) = postSolution
		{B8D11C58-652D-4BB5-93BE-0FE8E520B336}.Debug|Any CPU.ActiveCfg = Debug|Any CPU
		{B8D11C58-652D-4BB5-93BE-0FE8E520B336}.Debug|Any CPU.Build.0 = Debug|Any CPU
		{B8D11C58-652D-4BB5-93BE-0FE8E520B336}.Debug|x64.ActiveCfg = Debug|Any CPU
		{B8D11C58-652D-4BB5-93BE-0FE8E520B336}.Debug|x64.Build.0 = Debug|Any CPU
		{B8D11C58-652D-4BB5-93BE-0FE8E520B336}.Debug|x86.ActiveCfg = Debug|Any CPU
		{B8D11C58-652D-4BB5-93BE-0FE8E520B336}.Debug|x86.Build.0 = Debug|Any CPU
		{B8D11C58-652D-4BB5-93BE-0FE8E520B336}.Release|Any CPU.ActiveCfg = Release|Any CPU
		{B8D11C58-652D-4BB5-93BE-0FE8E520B336}.Release|Any CPU.Build.0 = Release|Any CPU
		{B8D11C58-652D-4BB5-93BE-0FE8E520B336}.Release|x64.ActiveCfg = Release|Any CPU
		{B8D11C58-652D-4BB5-93BE-0FE8E520B336}.Release|x64.Build.0 = Release|Any CPU
		{B8D11C58-652D-4BB5-93BE-0FE8E520B336}.Release|x86.ActiveCfg = Release|Any CPU
		{B8D11C58-652D-4BB5-93BE-0FE8E520B336}.Release|x86.Build.0 = Release|Any CPU
		{3E053C0B-38D5-4E36-9C63-17E2F713D010}.Debug|Any CPU.ActiveCfg = Debug|Any CPU
		{3E053C0B-38D5-4E36-9C63-17E2F713D010}.Debug|Any CPU.Build.0 = Debug|Any CPU
		{3E053C0B-38D5-4E36-9C63-17E2F713D010}.Debug|x64.ActiveCfg = Debug|Any CPU
		{3E053C0B-38D5-4E36-9C63-17E2F713D010}.Debug|x64.Build.0 = Debug|Any CPU
		{3E053C0B-38D5-4E36-9C63-17E2F713D010}.Debug|x86.ActiveCfg = Debug|Any CPU
		{3E053C0B-38D5-4E36-9C63-17E2F713D010}.Debug|x86.Build.0 = Debug|Any CPU
		{3E053C0B-38D5-4E36-9C63-17E2F713D010}.Release|Any CPU.ActiveCfg = Release|Any CPU
		{3E053C0B-38D5-4E36-9C63-17E2F713D010}.Release|Any CPU.Build.0 = Release|Any CPU
		{3E053C0B-38D5-4E36-9C63-17E2F713D010}.Release|x64.ActiveCfg = Release|Any CPU
		{3E053C0B-38D5-4E36-9C63-17E2F713D010}.Release|x64.Build.0 = Release|Any CPU
		{3E053C0B-38D5-4E36-9C63-17E2F713D010}.Release|x86.ActiveCfg = Release|Any CPU
		{3E053C0B-38D5-4E36-9C63-17E2F713D010}.Release|x86.Build.0 = Release|Any CPU
	EndGlobalSection
	GlobalSection(SolutionProperties) = preSolution
		HideSolutionNode = FALSE
	EndGlobalSection
	GlobalSection(ExtensibilityGlobals) = postSolution
		SolutionGuid = {3B5BE4C2-9F2E-4F7E-AE28-4F866ABF1C7E}
	EndGlobalSection
EndGlobal
