
Microsoft Visual Studio Solution File, Format Version 12.00
# Visual Studio Version 17
VisualStudioVersion = 17.14.37628.2 d17.14
MinimumVisualStudioVersion = 10.0.40219.1
Project("{FAE04EC0-301F-11D3-BF4B-00C04F79EFBC}") = "MovieService", "MovieService\MovieService.csproj", "{B8D11C58-652D-4BB5-93BE-0FE8E520B336}"
EndProject
Global
	GlobalSection(SolutionConfigurationPlatforms) = preSolution
		Debug|Any CPU = Debug|Any CPU
		Release|Any CPU = Release|Any CPU
	EndGlobalSection
	GlobalSection(ProjectConfigurationPlatforms) = postSolution
		{B8D11C58-652D-4BB5-93BE-0FE8E520B336}.Debug|Any CPU.ActiveCfg = Debug|Any CPU
		{B8D11C58-652D-4BB5-93BE-0FE8E520B336}.Debug|Any CPU.Build.0 = Debug|Any CPU
		{B8D11C58-652D-4BB5-93BE-0FE8E520B336}.Release|Any CPU.ActiveCfg = Release|Any CPU
		{B8D11C58-652D-4BB5-93BE-0FE8E520B336}.Release|Any CPU.Build.0 = Release|Any CPU
	EndGlobalSection
	GlobalSection(SolutionProperties) = preSolution
		HideSolutionNode = FALSE
	EndGlobalSection
	GlobalSection(ExtensibilityGlobals) = postSolution
		SolutionGuid = {3B5BE4C2-9F2E-4F7E-AE28-4F866ABF1C7E}
	EndGlobalSection
EndGlobal
